// !$*UTF8*$!
{
	archiveVersion = 1;
	classes = {
	};
	objectVersion = 77;
	objects = {

/* Begin PBXBuildFile section */
		16E3A6112E09365000CE4E3F /* FirebaseAuth in Frameworks */ = {isa = PBXBuildFile; productRef = 16E3A6102E09365000CE4E3F /* FirebaseAuth */; };
		16E3A6132E09365000CE4E3F /* FirebaseFirestore in Frameworks */ = {isa = PBXBuildFile; productRef = 16E3A6122E09365000CE4E3F /* FirebaseFirestore */; };
/* End PBXBuildFile section */

/* Begin PBXContainerItemProxy section */
		16BD9CBB2E0870AC00155916 /* PBXContainerItemProxy */ = {
			isa = PBXContainerItemProxy;
			containerPortal = 16BD9CA22E0870AA00155916 /* Project object */;
			proxyType = 1;
			remoteGlobalIDString = 16BD9CA92E0870AA00155916;
			remoteInfo = PersonalAffairsManagement;
		};
		16BD9CC52E0870AC00155916 /* PBXContainerItemProxy */ = {
			isa = PBXContainerItemProxy;
			containerPortal = 16BD9CA22E0870AA00155916 /* Project object */;
			proxyType = 1;
			remoteGlobalIDString = 16BD9CA92E0870AA00155916;
			remoteInfo = PersonalAffairsManagement;
		};
/* End PBXContainerItemProxy section */

/* Begin PBXFileReference section */
		16BD9CAA2E0870AA00155916 /* PersonalAffairsManagement.app */ = {isa = PBXFileReference; explicitFileType = wrapper.application; includeInIndex = 0; path = PersonalAffairsManagement.app; sourceTree = BUILT_PRODUCTS_DIR; };
		16BD9CBA2E0870AC00155916 /* PersonalAffairsManagementTests.xctest */ = {isa = PBXFileReference; explicitFileType = wrapper.cfbundle; includeInIndex = 0; path = PersonalAffairsManagementTests.xctest; sourceTree = BUILT_PRODUCTS_DIR; };
		16BD9CC42E0870AC00155916 /* PersonalAffairsManagementUITests.xctest */ = {isa = PBXFileReference; explicitFileType = wrapper.cfbundle; includeInIndex = 0; path = PersonalAffairsManagementUITests.xctest; sourceTree = BUILT_PRODUCTS_DIR; };
/* End PBXFileReference section */

/* Begin PBXFileSystemSynchronizedRootGroup section */
		16BD9CAC2E0870AA00155916 /* PersonalAffairsManagement */ = {
			isa = PBXFileSystemSynchronizedRootGroup;
			path = PersonalAffairsManagement;
			sourceTree = "<group>";
		};
		16BD9CBD2E0870AC00155916 /* PersonalAffairsManagementTests */ = {
			isa = PBXFileSystemSynchronizedRootGroup;
			path = PersonalAffairsManagementTests;
			sourceTree = "<group>";
		};
		16BD9CC72E0870AC00155916 /* PersonalAffairsManagementUITests */ = {
			isa = PBXFileSystemSynchronizedRootGroup;
			path = PersonalAffairsManagementUITests;
			sourceTree = "<group>";
		};
/* End PBXFileSystemSynchronizedRootGroup section */

/* Begin PBXFrameworksBuildPhase section */
		16BD9CA72E0870AA00155916 /* Frameworks */ = {
			isa = PBXFrameworksBuildPhase;
			buildActionMask = 2147483647;
			files = (
				16E3A6112E09365000CE4E3F /* FirebaseAuth in Frameworks */,
				16E3A6132E09365000CE4E3F /* FirebaseFirestore in Frameworks */,
			);
			runOnlyForDeploymentPostprocessing = 0;
		};
		16BD9CB72E0870AC00155916 /* Frameworks */ = {
			isa = PBXFrameworksBuildPhase;
			buildActionMask = 2147483647;
			files = (
			);
			runOnlyForDeploymentPostprocessing = 0;
		};
		16BD9CC12E0870AC00155916 /* Frameworks */ = {
			isa = PBXFrameworksBuildPhase;
			buildActionMask = 2147483647;
			files = (
			);
			runOnlyForDeploymentPostprocessing = 0;
		};
/* End PBXFrameworksBuildPhase section */

/* Begin PBXGroup section */
		16BD9CA12E0870AA00155916 = {
			isa = PBXGroup;
			children = (
				16BD9CAC2E0870AA00155916 /* PersonalAffairsManagement */,
				16BD9CBD2E0870AC00155916 /* PersonalAffairsManagementTests */,
				16BD9CC72E0870AC00155916 /* PersonalAffairsManagementUITests */,
				16BD9CAB2E0870AA00155916 /* Products */,
			);
			sourceTree = "<group>";
		};
		16BD9CAB2E0870AA00155916 /* Products */ = {
			isa = PBXGroup;
			children = (
				16BD9CAA2E0870AA00155916 /* PersonalAffairsManagement.app */,
				16BD9CBA2E0870AC00155916 /* PersonalAffairsManagementTests.xctest */,
				16BD9CC42E0870AC00155916 /* PersonalAffairsManagementUITests.xctest */,
			);
			name = Products;
			sourceTree = "<group>";
		};
/* End PBXGroup section */

/* Begin PBXNativeTarget section */
		16BD9CA92E0870AA00155916 /* PersonalAffairsManagement */ = {
			isa = PBXNativeTarget;
			buildConfigurationList = 16BD9CCE2E0870AC00155916 /* Build configuration list for PBXNativeTarget "PersonalAffairsManagement" */;
			buildPhases = (
				16BD9CA62E0870AA00155916 /* Sources */,
				16BD9CA72E0870AA00155916 /* Frameworks */,
				16BD9CA82E0870AA00155916 /* Resources */,
			);
			buildRules = (
			);
			dependencies = (
			);
			fileSystemSynchronizedGroups = (
				16BD9CAC2E0870AA00155916 /* PersonalAffairsManagement */,
			);
			name = PersonalAffairsManagement;
			packageProductDependencies = (
				16E3A6102E09365000CE4E3F /* FirebaseAuth */,
				16E3A6122E09365000CE4E3F /* FirebaseFirestore */,
			);
			productName = PersonalAffairsManagement;
			productReference = 16BD9CAA2E0870AA00155916 /* PersonalAffairsManagement.app */;
			productType = "com.apple.product-type.application";
		};
		16BD9CB92E0870AC00155916 /* PersonalAffairsManagementTests */ = {
			isa = PBXNativeTarget;
			buildConfigurationList = 16BD9CD12E0870AC00155916 /* Build configuration list for PBXNativeTarget "PersonalAffairsManagementTests" */;
			buildPhases = (
				16BD9CB62E0870AC00155916 /* Sources */,
				16BD9CB72E0870AC00155916 /* Frameworks */,
				16BD9CB82E0870AC00155916 /* Resources */,
			);
			buildRules = (
			);
			dependencies = (
				16BD9CBC2E0870AC00155916 /* PBXTargetDependency */,
			);
			fileSystemSynchronizedGroups = (
				16BD9CBD2E0870AC00155916 /* PersonalAffairsManagementTests */,
			);
			name = PersonalAffairsManagementTests;
			packageProductDependencies = (
			);
			productName = PersonalAffairsManagementTests;
			productReference = 16BD9CBA2E0870AC00155916 /* PersonalAffairsManagementTests.xctest */;
			productType = "com.apple.product-type.bundle.unit-test";
		};
		16BD9CC32E0870AC00155916 /* PersonalAffairsManagementUITests */ = {
			isa = PBXNativeTarget;
			buildConfigurationList = 16BD9CD42E0870AC00155916 /* Build configuration list for PBXNativeTarget "PersonalAffairsManagementUITests" */;
			buildPhases = (
				16BD9CC02E0870AC00155916 /* Sources */,
				16BD9CC12E0870AC00155916 /* Frameworks */,
				16BD9CC22E0870AC00155916 /* Resources */,
			);
			buildRules = (
			);
			dependencies = (
				16BD9CC62E0870AC00155916 /* PBXTargetDependency */,
			);
			fileSystemSynchronizedGroups = (
				16BD9CC72E0870AC00155916 /* PersonalAffairsManagementUITests */,
			);
			name = PersonalAffairsManagementUITests;
			packageProductDependencies = (
			);
			productName = PersonalAffairsManagementUITests;
			productReference = 16BD9CC42E0870AC00155916 /* PersonalAffairsManagementUITests.xctest */;
			productType = "com.apple.product-type.bundle.ui-testing";
		};
/* End PBXNativeTarget section */

/* Begin PBXProject section */
		16BD9CA22E0870AA00155916 /* Project object */ = {
			isa = PBXProject;
			attributes = {
				BuildIndependentTargetsInParallel = 1;
				LastSwiftUpdateCheck = 1640;
				LastUpgradeCheck = 1640;
				TargetAttributes = {
					16BD9CA92E0870AA00155916 = {
						CreatedOnToolsVersion = 16.4;
					};
					16BD9CB92E0870AC00155916 = {
						CreatedOnToolsVersion = 16.4;
						TestTargetID = 16BD9CA92E0870AA00155916;
					};
					16BD9CC32E0870AC00155916 = {
						CreatedOnToolsVersion = 16.4;
						TestTargetID = 16BD9CA92E0870AA00155916;
					};
				};
			};
			buildConfigurationList = 16BD9CA52E0870AA00155916 /* Build configuration list for PBXProject "PersonalAffairsManagement" */;
			developmentRegion = en;
			hasScannedForEncodings = 0;
			knownRegions = (
				en,
				Base,
			);
			mainGroup = 16BD9CA12E0870AA00155916;
			minimizedProjectReferenceProxies = 1;
			packageReferences = (
				16E3A60F2E09365000CE4E3F /* XCRemoteSwiftPackageReference "firebase-ios-sdk" */,
			);
			preferredProjectObjectVersion = 77;
			productRefGroup = 16BD9CAB2E0870AA00155916 /* Products */;
			projectDirPath = "";
			projectRoot = "";
			targets = (
				16BD9CA92E0870AA00155916 /* PersonalAffairsManagement */,
				16BD9CB92E0870AC00155916 /* PersonalAffairsManagementTests */,
				16BD9CC32E0870AC00155916 /* PersonalAffairsManagementUITests */,
			);
		};
/* End PBXProject section */

/* Begin PBXResourcesBuildPhase section */
		16BD9CA82E0870AA00155916 /* Resources */ = {
			isa = PBXResourcesBuildPhase;
			buildActionMask = 2147483647;
			files = (
			);
			runOnlyForDeploymentPostprocessing = 0;
		};
		16BD9CB82E0870AC00155916 /* Resources */ = {
			isa = PBXResourcesBuildPhase;
			buildActionMask = 2147483647;
			files = (
			);
			runOnlyForDeploymentPostprocessing = 0;
		};
		16BD9CC22E0870AC00155916 /* Resources */ = {
			isa = PBXResourcesBuildPhase;
			buildActionMask = 2147483647;
			files = (
			);
			runOnlyForDeploymentPostprocessing = 0;
		};
/* End PBXResourcesBuildPhase section */

/* Begin PBXSourcesBuildPhase section */
		16BD9CA62E0870AA00155916 /* Sources */ = {
			isa = PBXSourcesBuildPhase;
			buildActionMask = 2147483647;
			files = (
			);
			runOnlyForDeploymentPostprocessing = 0;
		};
		16BD9CB62E0870AC00155916 /* Sources */ = {
			isa = PBXSourcesBuildPhase;
			buildActionMask = 2147483647;
			files = (
			);
			runOnlyForDeploymentPostprocessing = 0;
		};
		16BD9CC02E0870AC00155916 /* Sources */ = {
			isa = PBXSourcesBuildPhase;
			buildActionMask = 2147483647;
			files = (
			);
			runOnlyForDeploymentPostprocessing = 0;
		};
/* End PBXSourcesBuildPhase section */

/* Begin PBXTargetDependency section */
		16BD9CBC2E0870AC00155916 /* PBXTargetDependency */ = {
			isa = PBXTargetDependency;
			target = 16BD9CA92E0870AA00155916 /* PersonalAffairsManagement */;
			targetProxy = 16BD9CBB2E0870AC00155916 /* PBXContainerItemProxy */;
		};
		16BD9CC62E0870AC00155916 /* PBXTargetDependency */ = {
			isa = PBXTargetDependency;
			target = 16BD9CA92E0870AA00155916 /* PersonalAffairsManagement */;
			targetProxy = 16BD9CC52E0870AC00155916 /* PBXContainerItemProxy */;
		};
/* End PBXTargetDependency section */

/* Begin XCBuildConfiguration section */
		16BD9CCC2E0870AC00155916 /* Debug */ = {
			isa = XCBuildConfiguration;
			buildSettings = {
				ALWAYS_SEARCH_USER_PATHS = NO;
				ASSETCATALOG_COMPILER_GENERATE_SWIFT_ASSET_SYMBOL_EXTENSIONS = YES;
				CLANG_ANALYZER_NONNULL = YES;
				CLANG_ANALYZER_NUMBER_OBJECT_CONVERSION = YES_AGGRESSIVE;
				CLANG_CXX_LANGUAGE_STANDARD = "gnu++20";
				CLANG_ENABLE_MODULES = YES;
				CLANG_ENABLE_OBJC_ARC = YES;
				CLANG_ENABLE_OBJC_WEAK = YES;
				CLANG_WARN_BLOCK_CAPTURE_AUTORELEASING = YES;
				CLANG_WARN_BOOL_CONVERSION = YES;
				CLANG_WARN_COMMA = YES;
				CLANG_WARN_CONSTANT_CONVERSION = YES;
				CLANG_WARN_DEPRECATED_OBJC_IMPLEMENTATIONS = YES;
				CLANG_WARN_DIRECT_OBJC_ISA_USAGE = YES_ERROR;
				CLANG_WARN_DOCUMENTATION_COMMENTS = YES;
				CLANG_WARN_EMPTY_BODY = YES;
				CLANG_WARN_ENUM_CONVERSION = YES;
				CLANG_WARN_INFINITE_RECURSION = YES;
				CLANG_WARN_INT_CONVERSION = YES;
				CLANG_WARN_NON_LITERAL_NULL_CONVERSION = YES;
				CLANG_WARN_OBJC_IMPLICIT_RETAIN_SELF = YES;
				CLANG_WARN_OBJC_LITERAL_CONVERSION = YES;
				CLANG_WARN_OBJC_ROOT_CLASS = YES_ERROR;
				CLANG_WARN_QUOTED_INCLUDE_IN_FRAMEWORK_HEADER = YES;
				CLANG_WARN_RANGE_LOOP_ANALYSIS = YES;
				CLANG_WARN_STRICT_PROTOTYPES = YES;
				CLANG_WARN_SUSPICIOUS_MOVE = YES;
				CLANG_WARN_UNGUARDED_AVAILABILITY = YES_AGGRESSIVE;
				CLANG_WARN_UNREACHABLE_CODE = YES;
				CLANG_WARN__DUPLICATE_METHOD_MATCH = YES;
				COPY_PHASE_STRIP = NO;
				DEBUG_INFORMATION_FORMAT = dwarf;
				DEVELOPMENT_TEAM = 82W5F92GCQ;
				ENABLE_STRICT_OBJC_MSGSEND = YES;
				ENABLE_TESTABILITY = YES;
				ENABLE_USER_SCRIPT_SANDBOXING = YES;
				GCC_C_LANGUAGE_STANDARD = gnu17;
				GCC_DYNAMIC_NO_PIC = NO;
				GCC_NO_COMMON_BLOCKS = YES;
				GCC_OPTIMIZATION_LEVEL = 0;
				GCC_PREPROCESSOR_DEFINITIONS = (
					"DEBUG=1",
					"$(inherited)",
				);
				GCC_WARN_64_TO_32_BIT_CONVERSION = YES;
				GCC_WARN_ABOUT_RETURN_TYPE = YES_ERROR;
				GCC_WARN_UNDECLARED_SELECTOR = YES;
				GCC_WARN_UNINITIALIZED_AUTOS = YES_AGGRESSIVE;
				GCC_WARN_UNUSED_FUNCTION = YES;
				GCC_WARN_UNUSED_VARIABLE = YES;
				LOCALIZATION_PREFERS_STRING_CATALOGS = YES;
				MTL_ENABLE_DEBUG_INFO = INCLUDE_SOURCE;
				MTL_FAST_MATH = YES;
				ONLY_ACTIVE_ARCH = YES;
				SWIFT_ACTIVE_COMPILATION_CONDITIONS = "DEBUG $(inherited)";
				SWIFT_OPTIMIZATION_LEVEL = "-Onone";
			};
			name = Debug;
		};
		16BD9CCD2E0870AC00155916 /* Release */ = {
			isa = XCBuildConfiguration;
			buildSettings = {
				ALWAYS_SEARCH_USER_PATHS = NO;
				ASSETCATALOG_COMPILER_GENERATE_SWIFT_ASSET_SYMBOL_EXTENSIONS = YES;
				CLANG_ANALYZER_NONNULL = YES;
				CLANG_ANALYZER_NUMBER_OBJECT_CONVERSION = YES_AGGRESSIVE;
				CLANG_CXX_LANGUAGE_STANDARD = "gnu++20";
				CLANG_ENABLE_MODULES = YES;
				CLANG_ENABLE_OBJC_ARC = YES;
				CLANG_ENABLE_OBJC_WEAK = YES;
				CLANG_WARN_BLOCK_CAPTURE_AUTORELEASING = YES;
				CLANG_WARN_BOOL_CONVERSION = YES;
				CLANG_WARN_COMMA = YES;
				CLANG_WARN_CONSTANT_CONVERSION = YES;
				CLANG_WARN_DEPRECATED_OBJC_IMPLEMENTATIONS = YES;
				CLANG_WARN_DIRECT_OBJC_ISA_USAGE = YES_ERROR;
				CLANG_WARN_DOCUMENTATION_COMMENTS = YES;
				CLANG_WARN_EMPTY_BODY = YES;
				CLANG_WARN_ENUM_CONVERSION = YES;
				CLANG_WARN_INFINITE_RECURSION = YES;
				CLANG_WARN_INT_CONVERSION = YES;
				CLANG_WARN_NON_LITERAL_NULL_CONVERSION = YES;
				CLANG_WARN_OBJC_IMPLICIT_RETAIN_SELF = YES;
				CLANG_WARN_OBJC_LITERAL_CONVERSION = YES;
				CLANG_WARN_OBJC_ROOT_CLASS = YES_ERROR;
				CLANG_WARN_QUOTED_INCLUDE_IN_FRAMEWORK_HEADER = YES;
				CLANG_WARN_RANGE_LOOP_ANALYSIS = YES;
				CLANG_WARN_STRICT_PROTOTYPES = YES;
				CLANG_WARN_SUSPICIOUS_MOVE = YES;
				CLANG_WARN_UNGUARDED_AVAILABILITY = YES_AGGRESSIVE;
				CLANG_WARN_UNREACHABLE_CODE = YES;
				CLANG_WARN__DUPLICATE_METHOD_MATCH = YES;
				COPY_PHASE_STRIP = NO;
				DEBUG_INFORMATION_FORMAT = "dwarf-with-dsym";
				DEVELOPMENT_TEAM = 82W5F92GCQ;
				ENABLE_NS_ASSERTIONS = NO;
				ENABLE_STRICT_OBJC_MSGSEND = YES;
				ENABLE_USER_SCRIPT_SANDBOXING = YES;
				GCC_C_LANGUAGE_STANDARD = gnu17;
				GCC_NO_COMMON_BLOCKS = YES;
				GCC_WARN_64_TO_32_BIT_CONVERSION = YES;
				GCC_WARN_ABOUT_RETURN_TYPE = YES_ERROR;
				GCC_WARN_UNDECLARED_SELECTOR = YES;
				GCC_WARN_UNINITIALIZED_AUTOS = YES_AGGRESSIVE;
				GCC_WARN_UNUSED_FUNCTION = YES;
				GCC_WARN_UNUSED_VARIABLE = YES;
				LOCALIZATION_PREFERS_STRING_CATALOGS = YES;
				MTL_ENABLE_DEBUG_INFO = NO;
				MTL_FAST_MATH = YES;
				SWIFT_COMPILATION_MODE = wholemodule;
			};
			name = Release;
		};
		16BD9CCF2E0870AC00155916 /* Debug */ = {
			isa = XCBuildConfiguration;
			buildSettings = {
				ASSETCATALOG_COMPILER_APPICON_NAME = AppIcon;
				ASSETCATALOG_COMPILER_GLOBAL_ACCENT_COLOR_NAME = AccentColor;
				CODE_SIGN_ENTITLEMENTS = PersonalAffairsManagement/PersonalAffairsManagement.entitlements;
				CODE_SIGN_STYLE = Automatic;
				CURRENT_PROJECT_VERSION = 1;
				DEVELOPMENT_TEAM = 82W5F92GCQ;
				ENABLE_HARDENED_RUNTIME = YES;
				ENABLE_PREVIEWS = YES;
				GENERATE_INFOPLIST_FILE = YES;
				"INFOPLIST_KEY_UIApplicationSceneManifest_Generation[sdk=iphoneos*]" = YES;
				"INFOPLIST_KEY_UIApplicationSceneManifest_Generation[sdk=iphonesimulator*]" = YES;
				"INFOPLIST_KEY_UIApplicationSupportsIndirectInputEvents[sdk=iphoneos*]" = YES;
				"INFOPLIST_KEY_UIApplicationSupportsIndirectInputEvents[sdk=iphonesimulator*]" = YES;
				"INFOPLIST_KEY_UILaunchScreen_Generation[sdk=iphoneos*]" = YES;
				"INFOPLIST_KEY_UILaunchScreen_Generation[sdk=iphonesimulator*]" = YES;
				"INFOPLIST_KEY_UIStatusBarStyle[sdk=iphoneos*]" = UIStatusBarStyleDefault;
				"INFOPLIST_KEY_UIStatusBarStyle[sdk=iphonesimulator*]" = UIStatusBarStyleDefault;
				INFOPLIST_KEY_UISupportedInterfaceOrientations_iPad = "UIInterfaceOrientationPortrait UIInterfaceOrientationPortraitUpsideDown UIInterfaceOrientationLandscapeLeft UIInterfaceOrientationLandscapeRight";
				INFOPLIST_KEY_UISupportedInterfaceOrientations_iPhone = "UIInterfaceOrientationPortrait UIInterfaceOrientationLandscapeLeft UIInterfaceOrientationLandscapeRight";
				IPHONEOS_DEPLOYMENT_TARGET = 18.5;
				LD_RUNPATH_SEARCH_PATHS = "@executable_path/Frameworks";
				"LD_RUNPATH_SEARCH_PATHS[sdk=macosx*]" = "@executable_path/../Frameworks";
				MACOSX_DEPLOYMENT_TARGET = 14.0;
				MARKETING_VERSION = 1.0;
				PRODUCT_BUNDLE_IDENTIFIER = com.shoulin.PersonalAffairsManagement;
				PRODUCT_NAME = "$(TARGET_NAME)";
				REGISTER_APP_GROUPS = YES;
				SDKROOT = auto;
				SUPPORTED_PLATFORMS = "iphoneos iphonesimulator macosx xros xrsimulator";
				SWIFT_EMIT_LOC_STRINGS = YES;
				SWIFT_VERSION = 5.0;
				TARGETED_DEVICE_FAMILY = "1,2,7";
				XROS_DEPLOYMENT_TARGET = 2.5;
			};
			name = Debug;
		};
		16BD9CD02E0870AC00155916 /* Release */ = {
			isa = XCBuildConfiguration;
			buildSettings = {
				ASSETCATALOG_COMPILER_APPICON_NAME = AppIcon;
				ASSETCATALOG_COMPILER_GLOBAL_ACCENT_COLOR_NAME = AccentColor;
				CODE_SIGN_ENTITLEMENTS = PersonalAffairsManagement/PersonalAffairsManagement.entitlements;
				CODE_SIGN_STYLE = Automatic;
				CURRENT_PROJECT_VERSION = 1;
				DEVELOPMENT_TEAM = 82W5F92GCQ;
				ENABLE_HARDENED_RUNTIME = YES;
				ENABLE_PREVIEWS = YES;
				GENERATE_INFOPLIST_FILE = YES;
				"INFOPLIST_KEY_UIApplicationSceneManifest_Generation[sdk=iphoneos*]" = YES;
				"INFOPLIST_KEY_UIApplicationSceneManifest_Generation[sdk=iphonesimulator*]" = YES;
				"INFOPLIST_KEY_UIApplicationSupportsIndirectInputEvents[sdk=iphoneos*]" = YES;
				"INFOPLIST_KEY_UIApplicationSupportsIndirectInputEvents[sdk=iphonesimulator*]" = YES;
				"INFOPLIST_KEY_UILaunchScreen_Generation[sdk=iphoneos*]" = YES;
				"INFOPLIST_KEY_UILaunchScreen_Generation[sdk=iphonesimulator*]" = YES;
				"INFOPLIST_KEY_UIStatusBarStyle[sdk=iphoneos*]" = UIStatusBarStyleDefault;
				"INFOPLIST_KEY_UIStatusBarStyle[sdk=iphonesimulator*]" = UIStatusBarStyleDefault;
				INFOPLIST_KEY_UISupportedInterfaceOrientations_iPad = "UIInterfaceOrientationPortrait UIInterfaceOrientationPortraitUpsideDown UIInterfaceOrientationLandscapeLeft UIInterfaceOrientationLandscapeRight";
				INFOPLIST_KEY_UISupportedInterfaceOrientations_iPhone = "UIInterfaceOrientationPortrait UIInterfaceOrientationLandscapeLeft UIInterfaceOrientationLandscapeRight";
				IPHONEOS_DEPLOYMENT_TARGET = 18.5;
				LD_RUNPATH_SEARCH_PATHS = "@executable_path/Frameworks";
				"LD_RUNPATH_SEARCH_PATHS[sdk=macosx*]" = "@executable_path/../Frameworks";
				MACOSX_DEPLOYMENT_TARGET = 14.0;
				MARKETING_VERSION = 1.0;
				PRODUCT_BUNDLE_IDENTIFIER = com.shoulin.PersonalAffairsManagement;
				PRODUCT_NAME = "$(TARGET_NAME)";
				REGISTER_APP_GROUPS = YES;
				SDKROOT = auto;
				SUPPORTED_PLATFORMS = "iphoneos iphonesimulator macosx xros xrsimulator";
				SWIFT_EMIT_LOC_STRINGS = YES;
				SWIFT_VERSION = 5.0;
				TARGETED_DEVICE_FAMILY = "1,2,7";
				XROS_DEPLOYMENT_TARGET = 2.5;
			};
			name = Release;
		};
		16BD9CD22E0870AC00155916 /* Debug */ = {
			isa = XCBuildConfiguration;
			buildSettings = {
				BUNDLE_LOADER = "$(TEST_HOST)";
				CODE_SIGN_STYLE = Automatic;
				CURRENT_PROJECT_VERSION = 1;
				DEVELOPMENT_TEAM = 82W5F92GCQ;
				GENERATE_INFOPLIST_FILE = YES;
				IPHONEOS_DEPLOYMENT_TARGET = 18.5;
				MACOSX_DEPLOYMENT_TARGET = 15.5;
				MARKETING_VERSION = 1.0;
				PRODUCT_BUNDLE_IDENTIFIER = com..PersonalAffairsManagementTests;
				PRODUCT_NAME = "$(TARGET_NAME)";
				SDKROOT = auto;
				SUPPORTED_PLATFORMS = "iphoneos iphonesimulator macosx xros xrsimulator";
				SWIFT_EMIT_LOC_STRINGS = NO;
				SWIFT_VERSION = 5.0;
				TARGETED_DEVICE_FAMILY = "1,2,7";
				TEST_HOST = "$(BUILT_PRODUCTS_DIR)/PersonalAffairsManagement.app/$(BUNDLE_EXECUTABLE_FOLDER_PATH)/PersonalAffairsManagement";
				XROS_DEPLOYMENT_TARGET = 2.5;
			};
			name = Debug;
		};
		16BD9CD32E0870AC00155916 /* Release */ = {
			isa = XCBuildConfiguration;
			buildSettings = {
				BUNDLE_LOADER = "$(TEST_HOST)";
				CODE_SIGN_STYLE = Automatic;
				CURRENT_PROJECT_VERSION = 1;
				DEVELOPMENT_TEAM = 82W5F92GCQ;
				GENERATE_INFOPLIST_FILE = YES;
				IPHONEOS_DEPLOYMENT_TARGET = 18.5;
				MACOSX_DEPLOYMENT_TARGET = 15.5;
				MARKETING_VERSION = 1.0;
				PRODUCT_BUNDLE_IDENTIFIER = com..PersonalAffairsManagementTests;
				PRODUCT_NAME = "$(TARGET_NAME)";
				SDKROOT = auto;
				SUPPORTED_PLATFORMS = "iphoneos iphonesimulator macosx xros xrsimulator";
				SWIFT_EMIT_LOC_STRINGS = NO;
				SWIFT_VERSION = 5.0;
				TARGETED_DEVICE_FAMILY = "1,2,7";
				TEST_HOST = "$(BUILT_PRODUCTS_DIR)/PersonalAffairsManagement.app/$(BUNDLE_EXECUTABLE_FOLDER_PATH)/PersonalAffairsManagement";
				XROS_DEPLOYMENT_TARGET = 2.5;
			};
			name = Release;
		};
		16BD9CD52E0870AC00155916 /* Debug */ = {
			isa = XCBuildConfiguration;
			buildSettings = {
				CODE_SIGN_STYLE = Automatic;
				CURRENT_PROJECT_VERSION = 1;
				DEVELOPMENT_TEAM = 82W5F92GCQ;
				GENERATE_INFOPLIST_FILE = YES;
				IPHONEOS_DEPLOYMENT_TARGET = 18.5;
				MACOSX_DEPLOYMENT_TARGET = 15.5;
				MARKETING_VERSION = 1.0;
				PRODUCT_BUNDLE_IDENTIFIER = com..PersonalAffairsManagementUITests;
				PRODUCT_NAME = "$(TARGET_NAME)";
				SDKROOT = auto;
				SUPPORTED_PLATFORMS = "iphoneos iphonesimulator macosx xros xrsimulator";
				SWIFT_EMIT_LOC_STRINGS = NO;
				SWIFT_VERSION = 5.0;
				TARGETED_DEVICE_FAMILY = "1,2,7";
				TEST_TARGET_NAME = PersonalAffairsManagement;
				XROS_DEPLOYMENT_TARGET = 2.5;
			};
			name = Debug;
		};
		16BD9CD62E0870AC00155916 /* Release */ = {
			isa = XCBuildConfiguration;
			buildSettings = {
				CODE_SIGN_STYLE = Automatic;
				CURRENT_PROJECT_VERSION = 1;
				DEVELOPMENT_TEAM = 82W5F92GCQ;
				GENERATE_INFOPLIST_FILE = YES;
				IPHONEOS_DEPLOYMENT_TARGET = 18.5;
				MACOSX_DEPLOYMENT_TARGET = 15.5;
				MARKETING_VERSION = 1.0;
				PRODUCT_BUNDLE_IDENTIFIER = com..PersonalAffairsManagementUITests;
				PRODUCT_NAME = "$(TARGET_NAME)";
				SDKROOT = auto;
				SUPPORTED_PLATFORMS = "iphoneos iphonesimulator macosx xros xrsimulator";
				SWIFT_EMIT_LOC_STRINGS = NO;
				SWIFT_VERSION = 5.0;
				TARGETED_DEVICE_FAMILY = "1,2,7";
				TEST_TARGET_NAME = PersonalAffairsManagement;
				XROS_DEPLOYMENT_TARGET = 2.5;
			};
			name = Release;
		};
/* End XCBuildConfiguration section */

/* Begin XCConfigurationList section */
		16BD9CA52E0870AA00155916 /* Build configuration list for PBXProject "PersonalAffairsManagement" */ = {
			isa = XCConfigurationList;
			buildConfigurations = (
				16BD9CCC2E0870AC00155916 /* Debug */,
				16BD9CCD2E0870AC00155916 /* Release */,
			);
			defaultConfigurationIsVisible = 0;
			defaultConfigurationName = Release;
		};
		16BD9CCE2E0870AC00155916 /* Build configuration list for PBXNativeTarget "PersonalAffairsManagement" */ = {
			isa = XCConfigurationList;
			buildConfigurations = (
				16BD9CCF2E0870AC00155916 /* Debug */,
				16BD9CD02E0870AC00155916 /* Release */,
			);
			defaultConfigurationIsVisible = 0;
			defaultConfigurationName = Release;
		};
		16BD9CD12E0870AC00155916 /* Build configuration list for PBXNativeTarget "PersonalAffairsManagementTests" */ = {
			isa = XCConfigurationList;
			buildConfigurations = (
				16BD9CD22E0870AC00155916 /* Debug */,
				16BD9CD32E0870AC00155916 /* Release */,
			);
			defaultConfigurationIsVisible = 0;
			defaultConfigurationName = Release;
		};
		16BD9CD42E0870AC00155916 /* Build configuration list for PBXNativeTarget "PersonalAffairsManagementUITests" */ = {
			isa = XCConfigurationList;
			buildConfigurations = (
				16BD9CD52E0870AC00155916 /* Debug */,
				16BD9CD62E0870AC00155916 /* Release */,
			);
			defaultConfigurationIsVisible = 0;
			defaultConfigurationName = Release;
		};
/* End XCConfigurationList section */

/* Begin XCRemoteSwiftPackageReference section */
		16E3A60F2E09365000CE4E3F /* XCRemoteSwiftPackageReference "firebase-ios-sdk" */ = {
			isa = XCRemoteSwiftPackageReference;
			repositoryURL = "https://github.com/firebase/firebase-ios-sdk.git";
			requirement = {
				kind = upToNextMajorVersion;
				minimumVersion = 11.14.0;
			};
		};
/* End XCRemoteSwiftPackageReference section */

/* Begin XCSwiftPackageProductDependency section */
		16E3A6102E09365000CE4E3F /* FirebaseAuth */ = {
			isa = XCSwiftPackageProductDependency;
			package = 16E3A60F2E09365000CE4E3F /* XCRemoteSwiftPackageReference "firebase-ios-sdk" */;
			productName = FirebaseAuth;
		};
		16E3A6122E09365000CE4E3F /* FirebaseFirestore */ = {
			isa = XCSwiftPackageProductDependency;
			package = 16E3A60F2E09365000CE4E3F /* XCRemoteSwiftPackageReference "firebase-ios-sdk" */;
			productName = FirebaseFirestore;
		};
/* End XCSwiftPackageProductDependency section */
	};
	rootObject = 16BD9CA22E0870AA00155916 /* Project object */;
}
